github.com/im7mortal/UTM v1.2.0 h1:+zEEbRNrhM8QUspF6G+iOgZ2L7wLXOppdv09FgDES/w=
github.com/im7mortal/UTM v1.2.0/go.mod h1:2NjXqikKdBoolkoo3OEDLoxWW5thIIP4Wr76RBAtrYU=
github.com/kurankat/UTM v1.2.0 h1:dhB8p0XaAvz97JQtQWUzcIVwFTYkoHElIfTmkhbdpgw=
github.com/kurankat/UTM v1.2.0/go.mod h1:WGCEaa04SrthwWtUNO28gsDpg6TXyaerIwp51tFDkBc=
